
Microsoft Visual Studio Solution File, Format Version 12.00
# Visual Studio Version 17
VisualStudioVersion = 17.8.34525.116
MinimumVisualStudioVersion = 10.0.40219.1
Project("{FAE04EC0-301F-11D3-BF4B-00C04F79EFBC}") = "Task1", "Task1\Task1.csproj", "{A51DB717-9A5F-40DA-B9D0-CB810A4CDD28}"
EndProject
Project("{2150E333-8FDC-42A3-9474-1A3956D46DE8}") = "Task2", "Task2", "{1F328E83-3620-4C2E-BB9A-0554765F870E}"
EndProject
Project("{FAE04EC0-301F-11D3-BF4B-00C04F79EFBC}") = "TicTacToe", "TicTacToe\TicTacToe.csproj", "{6E7DC162-3EEB-4407-8887-F23453542342}"
EndProject
Project("{2150E333-8FDC-42A3-9474-1A3956D46DE8}") = "Task3", "Task3", "{77B762F8-7306-48B4-831A-B032263524D0}"
EndProject
Project("{FAE04EC0-301F-11D3-BF4B-00C04F79EFBC}") = "Phonebook", "Phonebook\Phonebook.csproj", "{BC0F67BF-7D2B-471B-97EC-68D00E0381E1}"
EndProject
Project("{2150E333-8FDC-42A3-9474-1A3956D46DE8}") = "Task4", "Task4", "{EE68D969-C1FB-4CFF-81FA-FA065D25614A}"
EndProject
Project("{FAE04EC0-301F-11D3-BF4B-00C04F79EFBC}") = "EmployeeAccountingSystem", "EmployeeAccountingSystem\EmployeeAccountingSystem.csproj", "{52928224-01C6-43F5-9341-988671D1D990}"
EndProject
Project("{2150E333-8FDC-42A3-9474-1A3956D46DE8}") = "Task5", "Task5", "{EF3F089F-FDC9-4F8B-9C6B-EFFE391D83EF}"
EndProject
Project("{FAE04EC0-301F-11D3-BF4B-00C04F79EFBC}") = "Users", "Users\Users.csproj", "{D8A540CD-25D0-4E38-8326-E35BECB86D37}"
EndProject
Project("{2150E333-8FDC-42A3-9474-1A3956D46DE8}") = "Task6", "Task6", "{01FB8E20-8AD8-43D6-96C8-BA16B9BCBA08}"
EndProject
Project("{FAE04EC0-301F-11D3-BF4B-00C04F79EFBC}") = "Phonebook.Tests", "Phonebook.Tests\Phonebook.Tests.csproj", "{4C710A81-2748-437D-ADD9-204AEBE817DC}"
EndProject
Global
	GlobalSection(SolutionConfigurationPlatforms) = preSolution
		Debug|Any CPU = Debug|Any CPU
		Release|Any CPU = Release|Any CPU
	EndGlobalSection
	GlobalSection(ProjectConfigurationPlatforms) = postSolution
		{A51DB717-9A5F-40DA-B9D0-CB810A4CDD28}.Debug|Any CPU.ActiveCfg = Debug|Any CPU
		{A51DB717-9A5F-40DA-B9D0-CB810A4CDD28}.Debug|Any CPU.Build.0 = Debug|Any CPU
		{A51DB717-9A5F-40DA-B9D0-CB810A4CDD28}.Release|Any CPU.ActiveCfg = Release|Any CPU
		{A51DB717-9A5F-40DA-B9D0-CB810A4CDD28}.Release|Any CPU.Build.0 = Release|Any CPU
		{6E7DC162-3EEB-4407-8887-F23453542342}.Debug|Any CPU.ActiveCfg = Debug|Any CPU
		{6E7DC162-3EEB-4407-8887-F23453542342}.Debug|Any CPU.Build.0 = Debug|Any CPU
		{6E7DC162-3EEB-4407-8887-F23453542342}.Release|Any CPU.ActiveCfg = Release|Any CPU
		{6E7DC162-3EEB-4407-8887-F23453542342}.Release|Any CPU.Build.0 = Release|Any CPU
		{BC0F67BF-7D2B-471B-97EC-68D00E0381E1}.Debug|Any CPU.ActiveCfg = Debug|Any CPU
		{BC0F67BF-7D2B-471B-97EC-68D00E0381E1}.Debug|Any CPU.Build.0 = Debug|Any CPU
		{BC0F67BF-7D2B-471B-97EC-68D00E0381E1}.Release|Any CPU.ActiveCfg = Release|Any CPU
		{BC0F67BF-7D2B-471B-97EC-68D00E0381E1}.Release|Any CPU.Build.0 = Release|Any CPU
		{52928224-01C6-43F5-9341-988671D1D990}.Debug|Any CPU.ActiveCfg = Debug|Any CPU
		{52928224-01C6-43F5-9341-988671D1D990}.Debug|Any CPU.Build.0 = Debug|Any CPU
		{52928224-01C6-43F5-9341-988671D1D990}.Release|Any CPU.ActiveCfg = Release|Any CPU
		{52928224-01C6-43F5-9341-988671D1D990}.Release|Any CPU.Build.0 = Release|Any CPU
		{D8A540CD-25D0-4E38-8326-E35BECB86D37}.Debug|Any CPU.ActiveCfg = Debug|Any CPU
		{D8A540CD-25D0-4E38-8326-E35BECB86D37}.Debug|Any CPU.Build.0 = Debug|Any CPU
		{D8A540CD-25D0-4E38-8326-E35BECB86D37}.Release|Any CPU.ActiveCfg = Release|Any CPU
		{D8A540CD-25D0-4E38-8326-E35BECB86D37}.Release|Any CPU.Build.0 = Release|Any CPU
		{4C710A81-2748-437D-ADD9-204AEBE817DC}.Debug|Any CPU.ActiveCfg = Debug|Any CPU
		{4C710A81-2748-437D-ADD9-204AEBE817DC}.Debug|Any CPU.Build.0 = Debug|Any CPU
		{4C710A81-2748-437D-ADD9-204AEBE817DC}.Release|Any CPU.ActiveCfg = Release|Any CPU
		{4C710A81-2748-437D-ADD9-204AEBE817DC}.Release|Any CPU.Build.0 = Release|Any CPU
	EndGlobalSection
	GlobalSection(SolutionProperties) = preSolution
		HideSolutionNode = FALSE
	EndGlobalSection
	GlobalSection(NestedProjects) = preSolution
		{6E7DC162-3EEB-4407-8887-F23453542342} = {1F328E83-3620-4C2E-BB9A-0554765F870E}
		{BC0F67BF-7D2B-471B-97EC-68D00E0381E1} = {77B762F8-7306-48B4-831A-B032263524D0}
		{52928224-01C6-43F5-9341-988671D1D990} = {EE68D969-C1FB-4CFF-81FA-FA065D25614A}
		{D8A540CD-25D0-4E38-8326-E35BECB86D37} = {EF3F089F-FDC9-4F8B-9C6B-EFFE391D83EF}
		{4C710A81-2748-437D-ADD9-204AEBE817DC} = {01FB8E20-8AD8-43D6-96C8-BA16B9BCBA08}
	EndGlobalSection
	GlobalSection(ExtensibilityGlobals) = postSolution
		SolutionGuid = {69E72AB8-D1D6-41AF-92A8-E74D21B7D630}
	EndGlobalSection
EndGlobal
